
Microsoft Visual Studio Solution File, Format Version 12.00
# Visual Studio Version 16
VisualStudioVersion = 16.0.29409.12
MinimumVisualStudioVersion = 10.0.40219.1
Project("{FAE04EC0-301F-11D3-BF4B-00C04F79EFBC}") = "Signbook.Android", "Signbook.Android\Signbook.Android.csproj", "{E7B787D8-D4C6-43A2-8117-9E4D7E5D4944}"
EndProject
Project("{FAE04EC0-301F-11D3-BF4B-00C04F79EFBC}") = "Signbook.iOS", "Signbook.iOS\Signbook.iOS.csproj", "{4AD833D7-8054-408A-B694-729407180B3E}"
EndProject
Project("{9A19103F-16F7-4668-BE54-9A1E7A4F7556}") = "Signbook", "Signbook\Signbook.csproj", "{CC2DFB8F-A34C-464B-87F6-8F3DBB4F104A}"
EndProject
Project("{9A19103F-16F7-4668-BE54-9A1E7A4F7556}") = "WhiteMvvm", "WhiteMvvm\WhiteMvvm.csproj", "{D8683A53-7368-409B-B189-688A2E312228}"
EndProject
Global
	GlobalSection(SolutionConfigurationPlatforms) = preSolution
		Debug|Any CPU = Debug|Any CPU
		Debug|iPhone = Debug|iPhone
		Debug|iPhoneSimulator = Debug|iPhoneSimulator
		Release|Any CPU = Release|Any CPU
		Release|iPhone = Release|iPhone
		Release|iPhoneSimulator = Release|iPhoneSimulator
	EndGlobalSection
	GlobalSection(ProjectConfigurationPlatforms) = postSolution
		{E7B787D8-D4C6-43A2-8117-9E4D7E5D4944}.Debug|Any CPU.ActiveCfg = Debug|Any CPU
		{E7B787D8-D4C6-43A2-8117-9E4D7E5D4944}.Debug|Any CPU.Build.0 = Debug|Any CPU
		{E7B787D8-D4C6-43A2-8117-9E4D7E5D4944}.Debug|Any CPU.Deploy.0 = Debug|Any CPU
		{E7B787D8-D4C6-43A2-8117-9E4D7E5D4944}.Debug|iPhone.ActiveCfg = Debug|Any CPU
		{E7B787D8-D4C6-43A2-8117-9E4D7E5D4944}.Debug|iPhone.Build.0 = Debug|Any CPU
		{E7B787D8-D4C6-43A2-8117-9E4D7E5D4944}.Debug|iPhone.Deploy.0 = Debug|Any CPU
		{E7B787D8-D4C6-43A2-8117-9E4D7E5D4944}.Debug|iPhoneSimulator.ActiveCfg = Debug|Any CPU
		{E7B787D8-D4C6-43A2-8117-9E4D7E5D4944}.Debug|iPhoneSimulator.Build.0 = Debug|Any CPU
		{E7B787D8-D4C6-43A2-8117-9E4D7E5D4944}.Debug|iPhoneSimulator.Deploy.0 = Debug|Any CPU
		{E7B787D8-D4C6-43A2-8117-9E4D7E5D4944}.Release|Any CPU.ActiveCfg = Release|Any CPU
		{E7B787D8-D4C6-43A2-8117-9E4D7E5D4944}.Release|Any CPU.Build.0 = Release|Any CPU
		{E7B787D8-D4C6-43A2-8117-9E4D7E5D4944}.Release|Any CPU.Deploy.0 = Release|Any CPU
		{E7B787D8-D4C6-43A2-8117-9E4D7E5D4944}.Release|iPhone.ActiveCfg = Release|Any CPU
		{E7B787D8-D4C6-43A2-8117-9E4D7E5D4944}.Release|iPhone.Build.0 = Release|Any CPU
		{E7B787D8-D4C6-43A2-8117-9E4D7E5D4944}.Release|iPhone.Deploy.0 = Release|Any CPU
		{E7B787D8-D4C6-43A2-8117-9E4D7E5D4944}.Release|iPhoneSimulator.ActiveCfg = Release|Any CPU
		{E7B787D8-D4C6-43A2-8117-9E4D7E5D4944}.Release|iPhoneSimulator.Build.0 = Release|Any CPU
		{E7B787D8-D4C6-43A2-8117-9E4D7E5D4944}.Release|iPhoneSimulator.Deploy.0 = Release|Any CPU
		{4AD833D7-8054-408A-B694-729407180B3E}.Debug|Any CPU.ActiveCfg = Debug|iPhoneSimulator
		{4AD833D7-8054-408A-B694-729407180B3E}.Debug|Any CPU.Build.0 = Debug|iPhoneSimulator
		{4AD833D7-8054-408A-B694-729407180B3E}.Debug|Any CPU.Deploy.0 = Debug|iPhoneSimulator
		{4AD833D7-8054-408A-B694-729407180B3E}.Debug|iPhone.ActiveCfg = Debug|iPhone
		{4AD833D7-8054-408A-B694-729407180B3E}.Debug|iPhone.Build.0 = Debug|iPhone
		{4AD833D7-8054-408A-B694-729407180B3E}.Debug|iPhone.Deploy.0 = Debug|iPhone
		{4AD833D7-8054-408A-B694-729407180B3E}.Debug|iPhoneSimulator.ActiveCfg = Debug|iPhoneSimulator
		{4AD833D7-8054-408A-B694-729407180B3E}.Debug|iPhoneSimulator.Build.0 = Debug|iPhoneSimulator
		{4AD833D7-8054-408A-B694-729407180B3E}.Debug|iPhoneSimulator.Deploy.0 = Debug|iPhoneSimulator
		{4AD833D7-8054-408A-B694-729407180B3E}.Release|Any CPU.ActiveCfg = Release|iPhone
		{4AD833D7-8054-408A-B694-729407180B3E}.Release|Any CPU.Build.0 = Release|iPhone
		{4AD833D7-8054-408A-B694-729407180B3E}.Release|Any CPU.Deploy.0 = Release|iPhone
		{4AD833D7-8054-408A-B694-729407180B3E}.Release|iPhone.ActiveCfg = Release|iPhone
		{4AD833D7-8054-408A-B694-729407180B3E}.Release|iPhone.Build.0 = Release|iPhone
		{4AD833D7-8054-408A-B694-729407180B3E}.Release|iPhone.Deploy.0 = Release|iPhone
		{4AD833D7-8054-408A-B694-729407180B3E}.Release|iPhoneSimulator.ActiveCfg = Release|iPhoneSimulator
		{4AD833D7-8054-408A-B694-729407180B3E}.Release|iPhoneSimulator.Build.0 = Release|iPhoneSimulator
		{4AD833D7-8054-408A-B694-729407180B3E}.Release|iPhoneSimulator.Deploy.0 = Release|iPhoneSimulator
		{CC2DFB8F-A34C-464B-87F6-8F3DBB4F104A}.Debug|Any CPU.ActiveCfg = Debug|Any CPU
		{CC2DFB8F-A34C-464B-87F6-8F3DBB4F104A}.Debug|Any CPU.Build.0 = Debug|Any CPU
		{CC2DFB8F-A34C-464B-87F6-8F3DBB4F104A}.Debug|Any CPU.Deploy.0 = Debug|Any CPU
		{CC2DFB8F-A34C-464B-87F6-8F3DBB4F104A}.Debug|iPhone.ActiveCfg = Debug|Any CPU
		{CC2DFB8F-A34C-464B-87F6-8F3DBB4F104A}.Debug|iPhone.Build.0 = Debug|Any CPU
		{CC2DFB8F-A34C-464B-87F6-8F3DBB4F104A}.Debug|iPhone.Deploy.0 = Debug|Any CPU
		{CC2DFB8F-A34C-464B-87F6-8F3DBB4F104A}.Debug|iPhoneSimulator.ActiveCfg = Debug|Any CPU
		{CC2DFB8F-A34C-464B-87F6-8F3DBB4F104A}.Debug|iPhoneSimulator.Build.0 = Debug|Any CPU
		{CC2DFB8F-A34C-464B-87F6-8F3DBB4F104A}.Debug|iPhoneSimulator.Deploy.0 = Debug|Any CPU
		{CC2DFB8F-A34C-464B-87F6-8F3DBB4F104A}.Release|Any CPU.ActiveCfg = Release|Any CPU
		{CC2DFB8F-A34C-464B-87F6-8F3DBB4F104A}.Release|Any CPU.Build.0 = Release|Any CPU
		{CC2DFB8F-A34C-464B-87F6-8F3DBB4F104A}.Release|Any CPU.Deploy.0 = Release|Any CPU
		{CC2DFB8F-A34C-464B-87F6-8F3DBB4F104A}.Release|iPhone.ActiveCfg = Release|Any CPU
		{CC2DFB8F-A34C-464B-87F6-8F3DBB4F104A}.Release|iPhone.Build.0 = Release|Any CPU
		{CC2DFB8F-A34C-464B-87F6-8F3DBB4F104A}.Release|iPhone.Deploy.0 = Release|Any CPU
		{CC2DFB8F-A34C-464B-87F6-8F3DBB4F104A}.Release|iPhoneSimulator.ActiveCfg = Release|Any CPU
		{CC2DFB8F-A34C-464B-87F6-8F3DBB4F104A}.Release|iPhoneSimulator.Build.0 = Release|Any CPU
		{CC2DFB8F-A34C-464B-87F6-8F3DBB4F104A}.Release|iPhoneSimulator.Deploy.0 = Release|Any CPU
		{D8683A53-7368-409B-B189-688A2E312228}.Debug|Any CPU.ActiveCfg = Debug|Any CPU
		{D8683A53-7368-409B-B189-688A2E312228}.Debug|Any CPU.Build.0 = Debug|Any CPU
		{D8683A53-7368-409B-B189-688A2E312228}.Debug|iPhone.ActiveCfg = Debug|Any CPU
		{D8683A53-7368-409B-B189-688A2E312228}.Debug|iPhone.Build.0 = Debug|Any CPU
		{D8683A53-7368-409B-B189-688A2E312228}.Debug|iPhoneSimulator.ActiveCfg = Debug|Any CPU
		{D8683A53-7368-409B-B189-688A2E312228}.Debug|iPhoneSimulator.Build.0 = Debug|Any CPU
		{D8683A53-7368-409B-B189-688A2E312228}.Release|Any CPU.ActiveCfg = Release|Any CPU
		{D8683A53-7368-409B-B189-688A2E312228}.Release|Any CPU.Build.0 = Release|Any CPU
		{D8683A53-7368-409B-B189-688A2E312228}.Release|iPhone.ActiveCfg = Release|Any CPU
		{D8683A53-7368-409B-B189-688A2E312228}.Release|iPhone.Build.0 = Release|Any CPU
		{D8683A53-7368-409B-B189-688A2E312228}.Release|iPhoneSimulator.ActiveCfg = Release|Any CPU
		{D8683A53-7368-409B-B189-688A2E312228}.Release|iPhoneSimulator.Build.0 = Release|Any CPU
	EndGlobalSection
	GlobalSection(SolutionProperties) = preSolution
		HideSolutionNode = FALSE
	EndGlobalSection
	GlobalSection(ExtensibilityGlobals) = postSolution
		SolutionGuid = {52A8B1C1-48BC-4688-85A6-FD954DF06C35}
	EndGlobalSection
EndGlobal
